
Microsoft Visual Studio Solution File, Format Version 12.00
# Visual Studio Version 16
VisualStudioVersion = 16.0.30114.105
MinimumVisualStudioVersion = 10.0.40219.1
Project("{FAE04EC0-301F-11D3-BF4B-00C04F79EFBC}") = "Sudoku.Logic", "..\Sudoku.Logic\Sudoku.Logic.csproj", "{BA6E46B3-15B8-4292-A158-2EF9BF5CEDC4}"
EndProject
Project("{FAE04EC0-301F-11D3-BF4B-00C04F79EFBC}") = "Sudoku.UI", "..\Sudoku.UI\Sudoku.UI.csproj", "{2AFAA941-1374-4BB6-8F37-D5F1A4D3FB6E}"
EndProject
Project("{FAE04EC0-301F-11D3-BF4B-00C04F79EFBC}") = "ConsoleTester", "..\ConsoleTester\ConsoleTester.csproj", "{106ABD45-168F-48EF-80E3-92C90B376CC4}"
EndProject
Project("{9A19103F-16F7-4668-BE54-9A1E7A4F7556}") = "sudoku", "sudoku.csproj", "{C7CB2790-DD39-4B09-88F1-EF54FAA5247B}"
EndProject
Global
	GlobalSection(SolutionConfigurationPlatforms) = preSolution
		Debug|Any CPU = Debug|Any CPU
		Release|Any CPU = Release|Any CPU
	EndGlobalSection
	GlobalSection(ProjectConfigurationPlatforms) = postSolution
		{BA6E46B3-15B8-4292-A158-2EF9BF5CEDC4}.Debug|Any CPU.ActiveCfg = Debug|Any CPU
		{BA6E46B3-15B8-4292-A158-2EF9BF5CEDC4}.Debug|Any CPU.Build.0 = Debug|Any CPU
		{BA6E46B3-15B8-4292-A158-2EF9BF5CEDC4}.Release|Any CPU.ActiveCfg = Release|Any CPU
		{BA6E46B3-15B8-4292-A158-2EF9BF5CEDC4}.Release|Any CPU.Build.0 = Release|Any CPU
		{2AFAA941-1374-4BB6-8F37-D5F1A4D3FB6E}.Debug|Any CPU.ActiveCfg = Debug|Any CPU
		{2AFAA941-1374-4BB6-8F37-D5F1A4D3FB6E}.Debug|Any CPU.Build.0 = Debug|Any CPU
		{2AFAA941-1374-4BB6-8F37-D5F1A4D3FB6E}.Release|Any CPU.ActiveCfg = Release|Any CPU
		{2AFAA941-1374-4BB6-8F37-D5F1A4D3FB6E}.Release|Any CPU.Build.0 = Release|Any CPU
		{106ABD45-168F-48EF-80E3-92C90B376CC4}.Debug|Any CPU.ActiveCfg = Debug|Any CPU
		{106ABD45-168F-48EF-80E3-92C90B376CC4}.Debug|Any CPU.Build.0 = Debug|Any CPU
		{106ABD45-168F-48EF-80E3-92C90B376CC4}.Release|Any CPU.ActiveCfg = Release|Any CPU
		{106ABD45-168F-48EF-80E3-92C90B376CC4}.Release|Any CPU.Build.0 = Release|Any CPU
		{C7CB2790-DD39-4B09-88F1-EF54FAA5247B}.Debug|Any CPU.ActiveCfg = Debug|Any CPU
		{C7CB2790-DD39-4B09-88F1-EF54FAA5247B}.Debug|Any CPU.Build.0 = Debug|Any CPU
		{C7CB2790-DD39-4B09-88F1-EF54FAA5247B}.Release|Any CPU.ActiveCfg = Release|Any CPU
		{C7CB2790-DD39-4B09-88F1-EF54FAA5247B}.Release|Any CPU.Build.0 = Release|Any CPU
	EndGlobalSection
	GlobalSection(SolutionProperties) = preSolution
		HideSolutionNode = FALSE
	EndGlobalSection
	GlobalSection(ExtensibilityGlobals) = postSolution
		SolutionGuid = {919146AC-DB95-4181-B652-160D18387683}
	EndGlobalSection
EndGlobal
